// !$*UTF8*$!
{
	archiveVersion = 1;
	classes = {
	};
	objectVersion = 50;
	objects = {

/* Begin PBXBuildFile section */
		698D442F2200C5EE00A94C2A /* AppDelegate.swift in Sources */ = {isa = PBXBuildFile; fileRef = 698D442E2200C5EE00A94C2A /* AppDelegate.swift */; };
		698D44312200C5EE00A94C2A /* ViewController.swift in Sources */ = {isa = PBXBuildFile; fileRef = 698D44302200C5EE00A94C2A /* ViewController.swift */; };
		698D44342200C5EE00A94C2A /* Main.storyboard in Resources */ = {isa = PBXBuildFile; fileRef = 698D44322200C5EE00A94C2A /* Main.storyboard */; };
		698D44362200C5F200A94C2A /* Assets.xcassets in Resources */ = {isa = PBXBuildFile; fileRef = 698D44352200C5F200A94C2A /* Assets.xcassets */; };
		698D44392200C5F200A94C2A /* LaunchScreen.storyboard in Resources */ = {isa = PBXBuildFile; fileRef = 698D44372200C5F200A94C2A /* LaunchScreen.storyboard */; };
		698D44442200C5F200A94C2A /* Number_Picker_Number_Picker_xcodeproj_Number_PickerTests_NumberPickerAppTests.swift in Sources */ = {isa = PBXBuildFile; fileRef = 698D44432200C5F200A94C2A /* Number_Picker_Number_Picker_xcodeproj_Number_PickerTests_NumberPickerAppTests.swift */; };
		698D444F2200C5F200A94C2A /* Number_Picker_Number_Picker_xcodeproj_Number_PickerTests_NumberPickerAppUITests.swift in Sources */ = {isa = PBXBuildFile; fileRef = 698D444E2200C5F200A94C2A /* Number_Picker_Number_Picker_xcodeproj_Number_PickerTests_NumberPickerAppUITests.swift */; };
/* End PBXBuildFile section */

/* Begin PBXContainerItemProxy section */
		698D44402200C5F200A94C2A /* PBXContainerItemProxy */ = {
			isa = PBXContainerItemProxy;
			containerPortal = 698D44232200C5EE00A94C2A /* Project object */;
			proxyType = 1;
			remoteGlobalIDString = 698D442A2200C5EE00A94C2A;
			remoteInfo = "Number Picker Number Picker.xcodeproj Number PickerTests NumberPickerApp";
		};
		698D444B2200C5F200A94C2A /* PBXContainerItemProxy */ = {
			isa = PBXContainerItemProxy;
			containerPortal = 698D44232200C5EE00A94C2A /* Project object */;
			proxyType = 1;
			remoteGlobalIDString = 698D442A2200C5EE00A94C2A;
			remoteInfo = "Number Picker Number Picker.xcodeproj Number PickerTests NumberPickerApp";
		};
/* End PBXContainerItemProxy section */

/* Begin PBXFileReference section */
		698D442B2200C5EE00A94C2A /* Number Picker Number Picker.xcodeproj Number PickerTests NumberPickerApp.app */ = {isa = PBXFileReference; explicitFileType = wrapper.application; includeInIndex = 0; path = "Number Picker Number Picker.xcodeproj Number PickerTests NumberPickerApp.app"; sourceTree = BUILT_PRODUCTS_DIR; };
		698D442E2200C5EE00A94C2A /* AppDelegate.swift */ = {isa = PBXFileReference; lastKnownFileType = sourcecode.swift; path = AppDelegate.swift; sourceTree = "<group>"; };
		698D44302200C5EE00A94C2A /* ViewController.swift */ = {isa = PBXFileReference; lastKnownFileType = sourcecode.swift; path = ViewController.swift; sourceTree = "<group>"; };
		698D44332200C5EE00A94C2A /* Base */ = {isa = PBXFileReference; lastKnownFileType = file.storyboard; name = Base; path = Base.lproj/Main.storyboard; sourceTree = "<group>"; };
		698D44352200C5F200A94C2A /* Assets.xcassets */ = {isa = PBXFileReference; lastKnownFileType = folder.assetcatalog; path = Assets.xcassets; sourceTree = "<group>"; };
		698D44382200C5F200A94C2A /* Base */ = {isa = PBXFileReference; lastKnownFileType = file.storyboard; name = Base; path = Base.lproj/LaunchScreen.storyboard; sourceTree = "<group>"; };
		698D443A2200C5F200A94C2A /* Info.plist */ = {isa = PBXFileReference; lastKnownFileType = text.plist.xml; path = Info.plist; sourceTree = "<group>"; };
		698D443F2200C5F200A94C2A /* Number Picker Number Picker.xcodeproj Number PickerTests NumberPickerAppTests.xctest */ = {isa = PBXFileReference; explicitFileType = wrapper.cfbundle; includeInIndex = 0; path = "Number Picker Number Picker.xcodeproj Number PickerTests NumberPickerAppTests.xctest"; sourceTree = BUILT_PRODUCTS_DIR; };
		698D44432200C5F200A94C2A /* Number_Picker_Number_Picker_xcodeproj_Number_PickerTests_NumberPickerAppTests.swift */ = {isa = PBXFileReference; lastKnownFileType = sourcecode.swift; path = Number_Picker_Number_Picker_xcodeproj_Number_PickerTests_NumberPickerAppTests.swift; sourceTree = "<group>"; };
		698D44452200C5F200A94C2A /* Info.plist */ = {isa = PBXFileReference; lastKnownFileType = text.plist.xml; path = Info.plist; sourceTree = "<group>"; };
		698D444A2200C5F200A94C2A /* Number Picker Number Picker.xcodeproj Number PickerTests NumberPickerAppUITests.xctest */ = {isa = PBXFileReference; explicitFileType = wrapper.cfbundle; includeInIndex = 0; path = "Number Picker Number Picker.xcodeproj Number PickerTests NumberPickerAppUITests.xctest"; sourceTree = BUILT_PRODUCTS_DIR; };
		698D444E2200C5F200A94C2A /* Number_Picker_Number_Picker_xcodeproj_Number_PickerTests_NumberPickerAppUITests.swift */ = {isa = PBXFileReference; lastKnownFileType = sourcecode.swift; path = Number_Picker_Number_Picker_xcodeproj_Number_PickerTests_NumberPickerAppUITests.swift; sourceTree = "<group>"; };
		698D44502200C5F200A94C2A /* Info.plist */ = {isa = PBXFileReference; lastKnownFileType = text.plist.xml; path = Info.plist; sourceTree = "<group>"; };
/* End PBXFileReference section */

/* Begin PBXFrameworksBuildPhase section */
		698D44282200C5EE00A94C2A /* Frameworks */ = {
			isa = PBXFrameworksBuildPhase;
			buildActionMask = 2147483647;
			files = (
			);
			runOnlyForDeploymentPostprocessing = 0;
		};
		698D443C2200C5F200A94C2A /* Frameworks */ = {
			isa = PBXFrameworksBuildPhase;
			buildActionMask = 2147483647;
			files = (
			);
			runOnlyForDeploymentPostprocessing = 0;
		};
		698D44472200C5F200A94C2A /* Frameworks */ = {
			isa = PBXFrameworksBuildPhase;
			buildActionMask = 2147483647;
			files = (
			);
			runOnlyForDeploymentPostprocessing = 0;
		};
/* End PBXFrameworksBuildPhase section */

/* Begin PBXGroup section */
		698D44222200C5EE00A94C2A = {
			isa = PBXGroup;
			children = (
				698D442D2200C5EE00A94C2A /* Number Picker Number Picker.xcodeproj Number PickerTests NumberPickerApp */,
				698D44422200C5F200A94C2A /* Number Picker Number Picker.xcodeproj Number PickerTests NumberPickerAppTests */,
				698D444D2200C5F200A94C2A /* Number Picker Number Picker.xcodeproj Number PickerTests NumberPickerAppUITests */,
				698D442C2200C5EE00A94C2A /* Products */,
			);
			sourceTree = "<group>";
		};
		698D442C2200C5EE00A94C2A /* Products */ = {
			isa = PBXGroup;
			children = (
				698D442B2200C5EE00A94C2A /* Number Picker Number Picker.xcodeproj Number PickerTests NumberPickerApp.app */,
				698D443F2200C5F200A94C2A /* Number Picker Number Picker.xcodeproj Number PickerTests NumberPickerAppTests.xctest */,
				698D444A2200C5F200A94C2A /* Number Picker Number Picker.xcodeproj Number PickerTests NumberPickerAppUITests.xctest */,
			);
			name = Products;
			sourceTree = "<group>";
		};
		698D442D2200C5EE00A94C2A /* Number Picker Number Picker.xcodeproj Number PickerTests NumberPickerApp */ = {
			isa = PBXGroup;
			children = (
				698D442E2200C5EE00A94C2A /* AppDelegate.swift */,
				698D44302200C5EE00A94C2A /* ViewController.swift */,
				698D44322200C5EE00A94C2A /* Main.storyboard */,
				698D44352200C5F200A94C2A /* Assets.xcassets */,
				698D44372200C5F200A94C2A /* LaunchScreen.storyboard */,
				698D443A2200C5F200A94C2A /* Info.plist */,
			);
			path = "Number Picker Number Picker.xcodeproj Number PickerTests NumberPickerApp";
			sourceTree = "<group>";
		};
		698D44422200C5F200A94C2A /* Number Picker Number Picker.xcodeproj Number PickerTests NumberPickerAppTests */ = {
			isa = PBXGroup;
			children = (
				698D44432200C5F200A94C2A /* Number_Picker_Number_Picker_xcodeproj_Number_PickerTests_NumberPickerAppTests.swift */,
				698D44452200C5F200A94C2A /* Info.plist */,
			);
			path = "Number Picker Number Picker.xcodeproj Number PickerTests NumberPickerAppTests";
			sourceTree = "<group>";
		};
		698D444D2200C5F200A94C2A /* Number Picker Number Picker.xcodeproj Number PickerTests NumberPickerAppUITests */ = {
			isa = PBXGroup;
			children = (
				698D444E2200C5F200A94C2A /* Number_Picker_Number_Picker_xcodeproj_Number_PickerTests_NumberPickerAppUITests.swift */,
				698D44502200C5F200A94C2A /* Info.plist */,
			);
			path = "Number Picker Number Picker.xcodeproj Number PickerTests NumberPickerAppUITests";
			sourceTree = "<group>";
		};
/* End PBXGroup section */

/* Begin PBXNativeTarget section */
		698D442A2200C5EE00A94C2A /* Number Picker Number Picker.xcodeproj Number PickerTests NumberPickerApp */ = {
			isa = PBXNativeTarget;
			buildConfigurationList = 698D44532200C5F200A94C2A /* Build configuration list for PBXNativeTarget "Number Picker Number Picker.xcodeproj Number PickerTests NumberPickerApp" */;
			buildPhases = (
				698D44272200C5EE00A94C2A /* Sources */,
				698D44282200C5EE00A94C2A /* Frameworks */,
				698D44292200C5EE00A94C2A /* Resources */,
			);
			buildRules = (
			);
			dependencies = (
			);
			name = "Number Picker Number Picker.xcodeproj Number PickerTests NumberPickerApp";
			productName = "Number Picker Number Picker.xcodeproj Number PickerTests NumberPickerApp";
			productReference = 698D442B2200C5EE00A94C2A /* Number Picker Number Picker.xcodeproj Number PickerTests NumberPickerApp.app */;
			productType = "com.apple.product-type.application";
		};
		698D443E2200C5F200A94C2A /* Number Picker Number Picker.xcodeproj Number PickerTests NumberPickerAppTests */ = {
			isa = PBXNativeTarget;
			buildConfigurationList = 698D44562200C5F200A94C2A /* Build configuration list for PBXNativeTarget "Number Picker Number Picker.xcodeproj Number PickerTests NumberPickerAppTests" */;
			buildPhases = (
				698D443B2200C5F200A94C2A /* Sources */,
				698D443C2200C5F200A94C2A /* Frameworks */,
				698D443D2200C5F200A94C2A /* Resources */,
			);
			buildRules = (
			);
			dependencies = (
				698D44412200C5F200A94C2A /* PBXTargetDependency */,
			);
			name = "Number Picker Number Picker.xcodeproj Number PickerTests NumberPickerAppTests";
			productName = "Number Picker Number Picker.xcodeproj Number PickerTests NumberPickerAppTests";
			productReference = 698D443F2200C5F200A94C2A /* Number Picker Number Picker.xcodeproj Number PickerTests NumberPickerAppTests.xctest */;
			productType = "com.apple.product-type.bundle.unit-test";
		};
		698D44492200C5F200A94C2A /* Number Picker Number Picker.xcodeproj Number PickerTests NumberPickerAppUITests */ = {
			isa = PBXNativeTarget;
			buildConfigurationList = 698D44592200C5F200A94C2A /* Build configuration list for PBXNativeTarget "Number Picker Number Picker.xcodeproj Number PickerTests NumberPickerAppUITests" */;
			buildPhases = (
				698D44462200C5F200A94C2A /* Sources */,
				698D44472200C5F200A94C2A /* Frameworks */,
				698D44482200C5F200A94C2A /* Resources */,
			);
			buildRules = (
			);
			dependencies = (
				698D444C2200C5F200A94C2A /* PBXTargetDependency */,
			);
			name = "Number Picker Number Picker.xcodeproj Number PickerTests NumberPickerAppUITests";
			productName = "Number Picker Number Picker.xcodeproj Number PickerTests NumberPickerAppUITests";
			productReference = 698D444A2200C5F200A94C2A /* Number Picker Number Picker.xcodeproj Number PickerTests NumberPickerAppUITests.xctest */;
			productType = "com.apple.product-type.bundle.ui-testing";
		};
/* End PBXNativeTarget section */

/* Begin PBXProject section */
		698D44232200C5EE00A94C2A /* Project object */ = {
			isa = PBXProject;
			attributes = {
				LastSwiftUpdateCheck = 1010;
				LastUpgradeCheck = 1010;
				ORGANIZATIONNAME = "Faical Sawadogo1212";
				TargetAttributes = {
					698D442A2200C5EE00A94C2A = {
						CreatedOnToolsVersion = 10.1;
					};
					698D443E2200C5F200A94C2A = {
						CreatedOnToolsVersion = 10.1;
						TestTargetID = 698D442A2200C5EE00A94C2A;
					};
					698D44492200C5F200A94C2A = {
						CreatedOnToolsVersion = 10.1;
						TestTargetID = 698D442A2200C5EE00A94C2A;
					};
				};
			};
			buildConfigurationList = 698D44262200C5EE00A94C2A /* Build configuration list for PBXProject "Number Picker Number Picker.xcodeproj Number PickerTests NumberPickerApp" */;
			compatibilityVersion = "Xcode 9.3";
			developmentRegion = en;
			hasScannedForEncodings = 0;
			knownRegions = (
				en,
				Base,
			);
			mainGroup = 698D44222200C5EE00A94C2A;
			productRefGroup = 698D442C2200C5EE00A94C2A /* Products */;
			projectDirPath = "";
			projectRoot = "";
			targets = (
				698D442A2200C5EE00A94C2A /* Number Picker Number Picker.xcodeproj Number PickerTests NumberPickerApp */,
				698D443E2200C5F200A94C2A /* Number Picker Number Picker.xcodeproj Number PickerTests NumberPickerAppTests */,
				698D44492200C5F200A94C2A /* Number Picker Number Picker.xcodeproj Number PickerTests NumberPickerAppUITests */,
			);
		};
/* End PBXProject section */

/* Begin PBXResourcesBuildPhase section */
		698D44292200C5EE00A94C2A /* Resources */ = {
			isa = PBXResourcesBuildPhase;
			buildActionMask = 2147483647;
			files = (
				698D44392200C5F200A94C2A /* LaunchScreen.storyboard in Resources */,
				698D44362200C5F200A94C2A /* Assets.xcassets in Resources */,
				698D44342200C5EE00A94C2A /* Main.storyboard in Resources */,
			);
			runOnlyForDeploymentPostprocessing = 0;
		};
		698D443D2200C5F200A94C2A /* Resources */ = {
			isa = PBXResourcesBuildPhase;
			buildActionMask = 2147483647;
			files = (
			);
			runOnlyForDeploymentPostprocessing = 0;
		};
		698D44482200C5F200A94C2A /* Resources */ = {
			isa = PBXResourcesBuildPhase;
			buildActionMask = 2147483647;
			files = (
			);
			runOnlyForDeploymentPostprocessing = 0;
		};
/* End PBXResourcesBuildPhase section */

/* Begin PBXSourcesBuildPhase section */
		698D44272200C5EE00A94C2A /* Sources */ = {
			isa = PBXSourcesBuildPhase;
			buildActionMask = 2147483647;
			files = (
				698D44312200C5EE00A94C2A /* ViewController.swift in Sources */,
				698D442F2200C5EE00A94C2A /* AppDelegate.swift in Sources */,
			);
			runOnlyForDeploymentPostprocessing = 0;
		};
		698D443B2200C5F200A94C2A /* Sources */ = {
			isa = PBXSourcesBuildPhase;
			buildActionMask = 2147483647;
			files = (
				698D44442200C5F200A94C2A /* Number_Picker_Number_Picker_xcodeproj_Number_PickerTests_NumberPickerAppTests.swift in Sources */,
			);
			runOnlyForDeploymentPostprocessing = 0;
		};
		698D44462200C5F200A94C2A /* Sources */ = {
			isa = PBXSourcesBuildPhase;
			buildActionMask = 2147483647;
			files = (
				698D444F2200C5F200A94C2A /* Number_Picker_Number_Picker_xcodeproj_Number_PickerTests_NumberPickerAppUITests.swift in Sources */,
			);
			runOnlyForDeploymentPostprocessing = 0;
		};
/* End PBXSourcesBuildPhase section */

/* Begin PBXTargetDependency section */
		698D44412200C5F200A94C2A /* PBXTargetDependency */ = {
			isa = PBXTargetDependency;
			target = 698D442A2200C5EE00A94C2A /* Number Picker Number Picker.xcodeproj Number PickerTests NumberPickerApp */;
			targetProxy = 698D44402200C5F200A94C2A /* PBXContainerItemProxy */;
		};
		698D444C2200C5F200A94C2A /* PBXTargetDependency */ = {
			isa = PBXTargetDependency;
			target = 698D442A2200C5EE00A94C2A /* Number Picker Number Picker.xcodeproj Number PickerTests NumberPickerApp */;
			targetProxy = 698D444B2200C5F200A94C2A /* PBXContainerItemProxy */;
		};
/* End PBXTargetDependency section */

/* Begin PBXVariantGroup section */
		698D44322200C5EE00A94C2A /* Main.storyboard */ = {
			isa = PBXVariantGroup;
			children = (
				698D44332200C5EE00A94C2A /* Base */,
			);
			name = Main.storyboard;
			sourceTree = "<group>";
		};
		698D44372200C5F200A94C2A /* LaunchScreen.storyboard */ = {
			isa = PBXVariantGroup;
			children = (
				698D44382200C5F200A94C2A /* Base */,
			);
			name = LaunchScreen.storyboard;
			sourceTree = "<group>";
		};
/* End PBXVariantGroup section */

/* Begin XCBuildConfiguration section */
		698D44512200C5F200A94C2A /* Debug */ = {
			isa = XCBuildConfiguration;
			buildSettings = {
				ALWAYS_SEARCH_USER_PATHS = NO;
				CLANG_ANALYZER_NONNULL = YES;
				CLANG_ANALYZER_NUMBER_OBJECT_CONVERSION = YES_AGGRESSIVE;
				CLANG_CXX_LANGUAGE_STANDARD = "gnu++14";
				CLANG_CXX_LIBRARY = "libc++";
				CLANG_ENABLE_MODULES = YES;
				CLANG_ENABLE_OBJC_ARC = YES;
				CLANG_ENABLE_OBJC_WEAK = YES;
				CLANG_WARN_BLOCK_CAPTURE_AUTORELEASING = YES;
				CLANG_WARN_BOOL_CONVERSION = YES;
				CLANG_WARN_COMMA = YES;
				CLANG_WARN_CONSTANT_CONVERSION = YES;
				CLANG_WARN_DEPRECATED_OBJC_IMPLEMENTATIONS = YES;
				CLANG_WARN_DIRECT_OBJC_ISA_USAGE = YES_ERROR;
				CLANG_WARN_DOCUMENTATION_COMMENTS = YES;
				CLANG_WARN_EMPTY_BODY = YES;
				CLANG_WARN_ENUM_CONVERSION = YES;
				CLANG_WARN_INFINITE_RECURSION = YES;
				CLANG_WARN_INT_CONVERSION = YES;
				CLANG_WARN_NON_LITERAL_NULL_CONVERSION = YES;
				CLANG_WARN_OBJC_IMPLICIT_RETAIN_SELF = YES;
				CLANG_WARN_OBJC_LITERAL_CONVERSION = YES;
				CLANG_WARN_OBJC_ROOT_CLASS = YES_ERROR;
				CLANG_WARN_RANGE_LOOP_ANALYSIS = YES;
				CLANG_WARN_STRICT_PROTOTYPES = YES;
				CLANG_WARN_SUSPICIOUS_MOVE = YES;
				CLANG_WARN_UNGUARDED_AVAILABILITY = YES_AGGRESSIVE;
				CLANG_WARN_UNREACHABLE_CODE = YES;
				CLANG_WARN__DUPLICATE_METHOD_MATCH = YES;
				CODE_SIGN_IDENTITY = "iPhone Developer";
				COPY_PHASE_STRIP = NO;
				DEBUG_INFORMATION_FORMAT = dwarf;
				ENABLE_STRICT_OBJC_MSGSEND = YES;
				ENABLE_TESTABILITY = YES;
				GCC_C_LANGUAGE_STANDARD = gnu11;
				GCC_DYNAMIC_NO_PIC = NO;
				GCC_NO_COMMON_BLOCKS = YES;
				GCC_OPTIMIZATION_LEVEL = 0;
				GCC_PREPROCESSOR_DEFINITIONS = (
					"DEBUG=1",
					"$(inherited)",
				);
				GCC_WARN_64_TO_32_BIT_CONVERSION = YES;
				GCC_WARN_ABOUT_RETURN_TYPE = YES_ERROR;
				GCC_WARN_UNDECLARED_SELECTOR = YES;
				GCC_WARN_UNINITIALIZED_AUTOS = YES_AGGRESSIVE;
				GCC_WARN_UNUSED_FUNCTION = YES;
				GCC_WARN_UNUSED_VARIABLE = YES;
				IPHONEOS_DEPLOYMENT_TARGET = 12.1;
				MTL_ENABLE_DEBUG_INFO = INCLUDE_SOURCE;
				MTL_FAST_MATH = YES;
				ONLY_ACTIVE_ARCH = YES;
				SDKROOT = iphoneos;
				SWIFT_ACTIVE_COMPILATION_CONDITIONS = DEBUG;
				SWIFT_OPTIMIZATION_LEVEL = "-Onone";
			};
			name = Debug;
		};
		698D44522200C5F200A94C2A /* Release */ = {
			isa = XCBuildConfiguration;
			buildSettings = {
				ALWAYS_SEARCH_USER_PATHS = NO;
				CLANG_ANALYZER_NONNULL = YES;
				CLANG_ANALYZER_NUMBER_OBJECT_CONVERSION = YES_AGGRESSIVE;
				CLANG_CXX_LANGUAGE_STANDARD = "gnu++14";
				CLANG_CXX_LIBRARY = "libc++";
				CLANG_ENABLE_MODULES = YES;
				CLANG_ENABLE_OBJC_ARC = YES;
				CLANG_ENABLE_OBJC_WEAK = YES;
				CLANG_WARN_BLOCK_CAPTURE_AUTORELEASING = YES;
				CLANG_WARN_BOOL_CONVERSION = YES;
				CLANG_WARN_COMMA = YES;
				CLANG_WARN_CONSTANT_CONVERSION = YES;
				CLANG_WARN_DEPRECATED_OBJC_IMPLEMENTATIONS = YES;
				CLANG_WARN_DIRECT_OBJC_ISA_USAGE = YES_ERROR;
				CLANG_WARN_DOCUMENTATION_COMMENTS = YES;
				CLANG_WARN_EMPTY_BODY = YES;
				CLANG_WARN_ENUM_CONVERSION = YES;
				CLANG_WARN_INFINITE_RECURSION = YES;
				CLANG_WARN_INT_CONVERSION = YES;
				CLANG_WARN_NON_LITERAL_NULL_CONVERSION = YES;
				CLANG_WARN_OBJC_IMPLICIT_RETAIN_SELF = YES;
				CLANG_WARN_OBJC_LITERAL_CONVERSION = YES;
				CLANG_WARN_OBJC_ROOT_CLASS = YES_ERROR;
				CLANG_WARN_RANGE_LOOP_ANALYSIS = YES;
				CLANG_WARN_STRICT_PROTOTYPES = YES;
				CLANG_WARN_SUSPICIOUS_MOVE = YES;
				CLANG_WARN_UNGUARDED_AVAILABILITY = YES_AGGRESSIVE;
				CLANG_WARN_UNREACHABLE_CODE = YES;
				CLANG_WARN__DUPLICATE_METHOD_MATCH = YES;
				CODE_SIGN_IDENTITY = "iPhone Developer";
				COPY_PHASE_STRIP = NO;
				DEBUG_INFORMATION_FORMAT = "dwarf-with-dsym";
				ENABLE_NS_ASSERTIONS = NO;
				ENABLE_STRICT_OBJC_MSGSEND = YES;
				GCC_C_LANGUAGE_STANDARD = gnu11;
				GCC_NO_COMMON_BLOCKS = YES;
				GCC_WARN_64_TO_32_BIT_CONVERSION = YES;
				GCC_WARN_ABOUT_RETURN_TYPE = YES_ERROR;
				GCC_WARN_UNDECLARED_SELECTOR = YES;
				GCC_WARN_UNINITIALIZED_AUTOS = YES_AGGRESSIVE;
				GCC_WARN_UNUSED_FUNCTION = YES;
				GCC_WARN_UNUSED_VARIABLE = YES;
				IPHONEOS_DEPLOYMENT_TARGET = 12.1;
				MTL_ENABLE_DEBUG_INFO = NO;
				MTL_FAST_MATH = YES;
				SDKROOT = iphoneos;
				SWIFT_COMPILATION_MODE = wholemodule;
				SWIFT_OPTIMIZATION_LEVEL = "-O";
				VALIDATE_PRODUCT = YES;
			};
			name = Release;
		};
		698D44542200C5F200A94C2A /* Debug */ = {
			isa = XCBuildConfiguration;
			buildSettings = {
				ASSETCATALOG_COMPILER_APPICON_NAME = AppIcon;
				CODE_SIGN_STYLE = Automatic;
				INFOPLIST_FILE = "Number Picker Number Picker.xcodeproj Number PickerTests NumberPickerApp/Info.plist";
				LD_RUNPATH_SEARCH_PATHS = (
					"$(inherited)",
					"@executable_path/Frameworks",
				);
				PRODUCT_BUNDLE_IDENTIFIER = "edu.cuny.bmcc.Number-Picker-Number-Picker-xcodeproj-Number-PickerTests-NumberPickerApp";
				PRODUCT_NAME = "$(TARGET_NAME)";
				SWIFT_VERSION = 4.2;
				TARGETED_DEVICE_FAMILY = "1,2";
			};
			name = Debug;
		};
		698D44552200C5F200A94C2A /* Release */ = {
			isa = XCBuildConfiguration;
			buildSettings = {
				ASSETCATALOG_COMPILER_APPICON_NAME = AppIcon;
				CODE_SIGN_STYLE = Automatic;
				INFOPLIST_FILE = "Number Picker Number Picker.xcodeproj Number PickerTests NumberPickerApp/Info.plist";
				LD_RUNPATH_SEARCH_PATHS = (
					"$(inherited)",
					"@executable_path/Frameworks",
				);
				PRODUCT_BUNDLE_IDENTIFIER = "edu.cuny.bmcc.Number-Picker-Number-Picker-xcodeproj-Number-PickerTests-NumberPickerApp";
				PRODUCT_NAME = "$(TARGET_NAME)";
				SWIFT_VERSION = 4.2;
				TARGETED_DEVICE_FAMILY = "1,2";
			};
			name = Release;
		};
		698D44572200C5F200A94C2A /* Debug */ = {
			isa = XCBuildConfiguration;
			buildSettings = {
				ALWAYS_EMBED_SWIFT_STANDARD_LIBRARIES = YES;
				BUNDLE_LOADER = "$(TEST_HOST)";
				CODE_SIGN_STYLE = Automatic;
				INFOPLIST_FILE = "Number Picker Number Picker.xcodeproj Number PickerTests NumberPickerAppTests/Info.plist";
				LD_RUNPATH_SEARCH_PATHS = (
					"$(inherited)",
					"@executable_path/Frameworks",
					"@loader_path/Frameworks",
				);
				PRODUCT_BUNDLE_IDENTIFIER = "edu.cuny.bmcc.Number-Picker-Number-Picker-xcodeproj-Number-PickerTests-NumberPickerAppTests";
				PRODUCT_NAME = "$(TARGET_NAME)";
				SWIFT_VERSION = 4.2;
				TARGETED_DEVICE_FAMILY = "1,2";
				TEST_HOST = "$(BUILT_PRODUCTS_DIR)/Number Picker Number Picker.xcodeproj Number PickerTests NumberPickerApp.app/Number Picker Number Picker.xcodeproj Number PickerTests NumberPickerApp";
			};
			name = Debug;
		};
		698D44582200C5F200A94C2A /* Release */ = {
			isa = XCBuildConfiguration;
			buildSettings = {
				ALWAYS_EMBED_SWIFT_STANDARD_LIBRARIES = YES;
				BUNDLE_LOADER = "$(TEST_HOST)";
				CODE_SIGN_STYLE = Automatic;
				INFOPLIST_FILE = "Number Picker Number Picker.xcodeproj Number PickerTests NumberPickerAppTests/Info.plist";
				LD_RUNPATH_SEARCH_PATHS = (
					"$(inherited)",
					"@executable_path/Frameworks",
					"@loader_path/Frameworks",
				);
				PRODUCT_BUNDLE_IDENTIFIER = "edu.cuny.bmcc.Number-Picker-Number-Picker-xcodeproj-Number-PickerTests-NumberPickerAppTests";
				PRODUCT_NAME = "$(TARGET_NAME)";
				SWIFT_VERSION = 4.2;
				TARGETED_DEVICE_FAMILY = "1,2";
				TEST_HOST = "$(BUILT_PRODUCTS_DIR)/Number Picker Number Picker.xcodeproj Number PickerTests NumberPickerApp.app/Number Picker Number Picker.xcodeproj Number PickerTests NumberPickerApp";
			};
			name = Release;
		};
		698D445A2200C5F200A94C2A /* Debug */ = {
			isa = XCBuildConfiguration;
			buildSettings = {
				ALWAYS_EMBED_SWIFT_STANDARD_LIBRARIES = YES;
				CODE_SIGN_STYLE = Automatic;
				INFOPLIST_FILE = "Number Picker Number Picker.xcodeproj Number PickerTests NumberPickerAppUITests/Info.plist";
				LD_RUNPATH_SEARCH_PATHS = (
					"$(inherited)",
					"@executable_path/Frameworks",
					"@loader_path/Frameworks",
				);
				PRODUCT_BUNDLE_IDENTIFIER = "edu.cuny.bmcc.Number-Picker-Number-Picker-xcodeproj-Number-PickerTests-NumberPickerAppUITests";
				PRODUCT_NAME = "$(TARGET_NAME)";
				SWIFT_VERSION = 4.2;
				TARGETED_DEVICE_FAMILY = "1,2";
				TEST_TARGET_NAME = "Number Picker Number Picker.xcodeproj Number PickerTests NumberPickerApp";
			};
			name = Debug;
		};
		698D445B2200C5F200A94C2A /* Release */ = {
			isa = XCBuildConfiguration;
			buildSettings = {
				ALWAYS_EMBED_SWIFT_STANDARD_LIBRARIES = YES;
				CODE_SIGN_STYLE = Automatic;
				INFOPLIST_FILE = "Number Picker Number Picker.xcodeproj Number PickerTests NumberPickerAppUITests/Info.plist";
				LD_RUNPATH_SEARCH_PATHS = (
					"$(inherited)",
					"@executable_path/Frameworks",
					"@loader_path/Frameworks",
				);
				PRODUCT_BUNDLE_IDENTIFIER = "edu.cuny.bmcc.Number-Picker-Number-Picker-xcodeproj-Number-PickerTests-NumberPickerAppUITests";
				PRODUCT_NAME = "$(TARGET_NAME)";
				SWIFT_VERSION = 4.2;
				TARGETED_DEVICE_FAMILY = "1,2";
				TEST_TARGET_NAME = "Number Picker Number Picker.xcodeproj Number PickerTests NumberPickerApp";
			};
			name = Release;
		};
/* End XCBuildConfiguration section */

/* Begin XCConfigurationList section */
		698D44262200C5EE00A94C2A /* Build configuration list for PBXProject "Number Picker Number Picker.xcodeproj Number PickerTests NumberPickerApp" */ = {
			isa = XCConfigurationList;
			buildConfigurations = (
				698D44512200C5F200A94C2A /* Debug */,
				698D44522200C5F200A94C2A /* Release */,
			);
			defaultConfigurationIsVisible = 0;
			defaultConfigurationName = Release;
		};
		698D44532200C5F200A94C2A /* Build configuration list for PBXNativeTarget "Number Picker Number Picker.xcodeproj Number PickerTests NumberPickerApp" */ = {
			isa = XCConfigurationList;
			buildConfigurations = (
				698D44542200C5F200A94C2A /* Debug */,
				698D44552200C5F200A94C2A /* Release */,
			);
			defaultConfigurationIsVisible = 0;
			defaultConfigurationName = Release;
		};
		698D44562200C5F200A94C2A /* Build configuration list for PBXNativeTarget "Number Picker Number Picker.xcodeproj Number PickerTests NumberPickerAppTests" */ = {
			isa = XCConfigurationList;
			buildConfigurations = (
				698D44572200C5F200A94C2A /* Debug */,
				698D44582200C5F200A94C2A /* Release */,
			);
			defaultConfigurationIsVisible = 0;
			defaultConfigurationName = Release;
		};
		698D44592200C5F200A94C2A /* Build configuration list for PBXNativeTarget "Number Picker Number Picker.xcodeproj Number PickerTests NumberPickerAppUITests" */ = {
			isa = XCConfigurationList;
			buildConfigurations = (
				698D445A2200C5F200A94C2A /* Debug */,
				698D445B2200C5F200A94C2A /* Release */,
			);
			defaultConfigurationIsVisible = 0;
			defaultConfigurationName = Release;
		};
/* End XCConfigurationList section */
	};
	rootObject = 698D44232200C5EE00A94C2A /* Project object */;
}
